github.com/google/uuid v1.6.0 h1:NIvaJDMOsjHA8n1jAhLSgzrAzy1Hgr+hNrb57e+94F0=
github.com/google/uuid v1.6.0/go.mod h1:TIyPZe4MgqvfeYDBFedMoGGpEw/LqOeaOT+nhxU+yHo=
github.com/xuan-cao-swi/sample-go-package v0.1.1 h1:tg9mtLrfnkPJQf50+SPjZ7ljn+l2ELH7ORj4bY2p/4w=
github.com/xuan-cao-swi/sample-go-package v0.1.1/go.mod h1:Gs9L0ah0ELSIfe6u6WTmA+s74ioNIc4Fq3a39rRF56E=
